
Microsoft Visual Studio Solution File, Format Version 12.00
# Visual Studio Version 17
VisualStudioVersion = 17.7.34031.279
MinimumVisualStudioVersion = 10.0.40219.1
Project("{FAE04EC0-301F-11D3-BF4B-00C04F79EFBC}") = "Otomat", "Otomat\Otomat.csproj", "{31524D39-9451-428B-813F-ECBF1A7A4FE4}"
EndProject
Global
	GlobalSection(SolutionConfigurationPlatforms) = preSolution
		Debug|Any CPU = Debug|Any CPU
		Release|Any CPU = Release|Any CPU
	EndGlobalSection
	GlobalSection(ProjectConfigurationPlatforms) = postSolution
		{31524D39-9451-428B-813F-ECBF1A7A4FE4}.Debug|Any CPU.ActiveCfg = Debug|Any CPU
		{31524D39-9451-428B-813F-ECBF1A7A4FE4}.Debug|Any CPU.Build.0 = Debug|Any CPU
		{31524D39-9451-428B-813F-ECBF1A7A4FE4}.Release|Any CPU.ActiveCfg = Release|Any CPU
		{31524D39-9451-428B-813F-ECBF1A7A4FE4}.Release|Any CPU.Build.0 = Release|Any CPU
	EndGlobalSection
	GlobalSection(SolutionProperties) = preSolution
		HideSolutionNode = FALSE
	EndGlobalSection
	GlobalSection(ExtensibilityGlobals) = postSolution
		SolutionGuid = {EEA1DB78-61F0-4018-BD50-6067D5D8CF79}
	EndGlobalSection
EndGlobal
